{
  "requires": true,
  "lockfileVersion": 1,
  "dependencies": {
    "acorn": {
      "version": "3.3.0",
      "resolved": "https://registry.npmjs.org/acorn/-/acorn-3.3.0.tgz",
      "integrity": "sha1-ReN/s56No/JbruP/U2niu18iAXo="
    },
    "acorn-jsx": {
      "version": "3.0.1",
      "resolved": "https://registry.npmjs.org/acorn-jsx/-/acorn-jsx-3.0.1.tgz",
      "integrity": "sha1-r9+UiPsezvyDSPb7IvRk4ypYs2s=",
      "requires": {
        "acorn": "^3.0.4"
      }
    },
    "amdefine": {
      "version": "1.0.1",
      "resolved": "https://registry.npmjs.org/amdefine/-/amdefine-1.0.1.tgz",
      "integrity": "sha1-SlKCrBZHKek2Gbz9OtFR+BfOkfU="
    },
    "ansi-escape-sequences": {
      "version": "3.0.0",
      "resolved": "https://registry.npmjs.org/ansi-escape-sequences/-/ansi-escape-sequences-3.0.0.tgz",
      "integrity": "sha1-HBg5S2r5t2/5pjUJ+kl2af0s5T4=",
      "requires": {
        "array-back": "^1.0.3"
      }
    },
    "app-usage-stats": {
      "version": "0.4.1",
      "resolved": "https://registry.npmjs.org/app-usage-stats/-/app-usage-stats-0.4.1.tgz",
      "integrity": "sha1-l+ubibVnj6LdyXk7EphijMIYQp8=",
      "requires": {
        "array-back": "^1.0.4",
        "core-js": "^2.4.1",
        "feature-detect-es6": "^1.3.1",
        "home-path": "^1.0.3",
        "test-value": "^2.1.0",
        "usage-stats": "^0.8.2"
      }
    },
    "array-back": {
      "version": "1.0.4",
      "resolved": "https://registry.npmjs.org/array-back/-/array-back-1.0.4.tgz",
      "integrity": "sha1-ZEun8JX3/898Q7Xw3DnTwfA8Bjs=",
      "requires": {
        "typical": "^2.6.0"
      }
    },
    "async": {
      "version": "0.2.10",
      "resolved": "https://registry.npmjs.org/async/-/async-0.2.10.tgz",
      "integrity": "sha1-trvgsGdLnXGXCMo43owjfLUmw9E=",
      "optional": true
    },
    "babel-polyfill": {
      "version": "6.26.0",
      "resolved": "https://registry.npmjs.org/babel-polyfill/-/babel-polyfill-6.26.0.tgz",
      "integrity": "sha1-N5k3q8Z9eJWXCtxiHyhM2WbPIVM=",
      "requires": {
        "babel-runtime": "^6.26.0",
        "core-js": "^2.5.0",
        "regenerator-runtime": "^0.10.5"
      }
    },
    "babel-runtime": {
      "version": "6.26.0",
      "resolved": "https://registry.npmjs.org/babel-runtime/-/babel-runtime-6.26.0.tgz",
      "integrity": "sha1-llxwWGaOgrVde/4E/yM3vItWR/4=",
      "requires": {
        "core-js": "^2.4.0",
        "regenerator-runtime": "^0.11.0"
      },
      "dependencies": {
        "regenerator-runtime": {
          "version": "0.11.1",
          "resolved": "https://registry.npmjs.org/regenerator-runtime/-/regenerator-runtime-0.11.1.tgz",
          "integrity": "sha512-MguG95oij0fC3QV3URf4V2SDYGJhJnJGqvIIgdECeODCT98wSWDAJ94SSuVpYQUoTcGUIL6L4yNB7j1DFFHSBg=="
        }
      }
    },
    "balanced-match": {
      "version": "1.0.0",
      "resolved": "https://registry.npmjs.org/balanced-match/-/balanced-match-1.0.0.tgz",
      "integrity": "sha1-ibTRmasr7kneFk6gK4nORi1xt2c="
    },
    "bluebird": {
      "version": "3.4.7",
      "resolved": "https://registry.npmjs.org/bluebird/-/bluebird-3.4.7.tgz",
      "integrity": "sha1-9y12C+Cbf3bQjtj66Ysomo0F+rM="
    },
    "brace-expansion": {
      "version": "1.1.11",
      "resolved": "https://registry.npmjs.org/brace-expansion/-/brace-expansion-1.1.11.tgz",
      "integrity": "sha512-iCuPHDFgrHX7H2vEI/5xpz07zSHB00TpugqhmYtVmMO6518mCuRMoOYFldEBl0g187ufozdaHgWKcYFb61qGiA==",
      "requires": {
        "balanced-match": "^1.0.0",
        "concat-map": "0.0.1"
      }
    },
    "cache-point": {
      "version": "0.3.4",
      "resolved": "https://registry.npmjs.org/cache-point/-/cache-point-0.3.4.tgz",
      "integrity": "sha1-FS21Asa7I7WqP2Y+Iw1d6OxOTz8=",
      "requires": {
        "array-back": "^1.0.3",
        "core-js": "^2.4.1",
        "feature-detect-es6": "^1.3.1",
        "fs-then-native": "^1.0.2",
        "mkdirp": "~0.5.1"
      }
    },
    "catharsis": {
      "version": "0.8.11",
      "resolved": "https://registry.npmjs.org/catharsis/-/catharsis-0.8.11.tgz",
      "integrity": "sha512-a+xUyMV7hD1BrDQA/3iPV7oc+6W26BgVJO05PGEoatMyIuPScQKsde6i3YorWX1qs+AZjnJ18NqdKoCtKiNh1g==",
      "requires": {
        "lodash": "^4.17.14"
      }
    },
    "cli-commands": {
      "version": "0.1.0",
      "resolved": "https://registry.npmjs.org/cli-commands/-/cli-commands-0.1.0.tgz",
      "integrity": "sha1-xXysxAa7z57iFkZgcWHtQy71oFo=",
      "requires": {
        "ansi-escape-sequences": "^3.0.0",
        "command-line-args": "^3.0.1",
        "command-line-commands": "^1.0.4",
        "command-line-usage": "^3.0.5"
      }
    },
    "collect-all": {
      "version": "1.0.3",
      "resolved": "https://registry.npmjs.org/collect-all/-/collect-all-1.0.3.tgz",
      "integrity": "sha512-0y0rBgoX8IzIjBAUnO73SEtSb4Mhk3IoceWJq5zZSxb9mWORhWH8xLYo4EDSOE1jRBk1LhmfjqWFFt10h/+MEA==",
      "requires": {
        "stream-connect": "^1.0.2",
        "stream-via": "^1.0.4"
      }
    },
    "command-line-args": {
      "version": "3.0.5",
      "resolved": "https://registry.npmjs.org/command-line-args/-/command-line-args-3.0.5.tgz",
      "integrity": "sha1-W9StReeYPlwTRJGOQCgO4mk8WsA=",
      "requires": {
        "array-back": "^1.0.4",
        "feature-detect-es6": "^1.3.1",
        "find-replace": "^1.0.2",
        "typical": "^2.6.0"
      }
    },
    "command-line-commands": {
      "version": "1.0.4",
      "resolved": "https://registry.npmjs.org/command-line-commands/-/command-line-commands-1.0.4.tgz",
      "integrity": "sha1-A0+bFntRiK+9z2su+7FQ/IRCwys=",
      "requires": {
        "array-back": "^1.0.3",
        "feature-detect-es6": "^1.3.1"
      }
    },
    "command-line-tool": {
      "version": "0.6.4",
      "resolved": "https://registry.npmjs.org/command-line-tool/-/command-line-tool-0.6.4.tgz",
      "integrity": "sha1-TBHjcvPkElSGHD/mtTjTx6WxRPM=",
      "requires": {
        "ansi-escape-sequences": "^3.0.0",
        "array-back": "^1.0.3",
        "command-line-args": "^3.0.1",
        "command-line-usage": "^3.0.3",
        "feature-detect-es6": "^1.3.1",
        "typical": "^2.6.0"
      }
    },
    "command-line-usage": {
      "version": "3.0.8",
      "resolved": "https://registry.npmjs.org/command-line-usage/-/command-line-usage-3.0.8.tgz",
      "integrity": "sha1-tqIJeMGzg0d/XBGlKUKLiAv+D00=",
      "requires": {
        "ansi-escape-sequences": "^3.0.0",
        "array-back": "^1.0.3",
        "feature-detect-es6": "^1.3.1",
        "table-layout": "^0.3.0",
        "typical": "^2.6.0"
      }
    },
    "common-sequence": {
      "version": "1.0.2",
      "resolved": "https://registry.npmjs.org/common-sequence/-/common-sequence-1.0.2.tgz",
      "integrity": "sha1-MOB/P49vf5s97oVPILLTnu4Ibeg="
    },
    "concat-map": {
      "version": "0.0.1",
      "resolved": "https://registry.npmjs.org/concat-map/-/concat-map-0.0.1.tgz",
      "integrity": "sha1-2Klr13/Wjfd5OnMDajug1UBdR3s="
    },
    "config-master": {
      "version": "2.0.4",
      "resolved": "https://registry.npmjs.org/config-master/-/config-master-2.0.4.tgz",
      "integrity": "sha1-50lQXF0/lG8vrTx23+cfymiXUdw=",
      "requires": {
        "babel-polyfill": "^6.13.0",
        "feature-detect-es6": "^1.3.1",
        "walk-back": "^2.0.1"
      }
    },
    "core-js": {
      "version": "2.6.9",
      "resolved": "https://registry.npmjs.org/core-js/-/core-js-2.6.9.tgz",
      "integrity": "sha512-HOpZf6eXmnl7la+cUdMnLvUxKNqLUzJvgIziQ0DiF3JwSImNphIqdGqzj6hIKyX04MmV0poclQ7+wjWvxQyR2A=="
    },
    "deep-extend": {
      "version": "0.4.2",
      "resolved": "https://registry.npmjs.org/deep-extend/-/deep-extend-0.4.2.tgz",
      "integrity": "sha1-SLaZwn4zS/ifEIkr5DL25MfTSn8="
    },
    "defer-promise": {
      "version": "1.0.2",
      "resolved": "https://registry.npmjs.org/defer-promise/-/defer-promise-1.0.2.tgz",
      "integrity": "sha512-5a0iWJvnon50nLLqHPW83pX45BLb4MmlSa1sIg05NBhZoK5EZGz1s8qoZ3888dVGGOT0Ni01NdETuAgdJUZknA=="
    },
    "dmd": {
      "version": "2.1.2",
      "resolved": "https://registry.npmjs.org/dmd/-/dmd-2.1.2.tgz",
      "integrity": "sha1-dL6N5tbqeNBLEUF9bGvy8dM+xoY=",
      "requires": {
        "array-back": "^1.0.3",
        "cache-point": "^0.3.4",
        "common-sequence": "^1.0.2",
        "core-js": "^2.4.1",
        "file-set": "^1.1.1",
        "handlebars": "3.0.3",
        "marked": "^0.3.6",
        "object-get": "^2.1.0",
        "reduce-flatten": "^1.0.1",
        "reduce-unique": "^1.0.0",
        "reduce-without": "^1.0.1",
        "test-value": "^2.1.0",
        "walk-back": "^2.0.1"
      }
    },
    "escape-string-regexp": {
      "version": "1.0.5",
      "resolved": "https://registry.npmjs.org/escape-string-regexp/-/escape-string-regexp-1.0.5.tgz",
      "integrity": "sha1-G2HAViGQqN/2rjuyzwIAyhMLhtQ="
    },
    "espree": {
      "version": "3.1.7",
      "resolved": "https://registry.npmjs.org/espree/-/espree-3.1.7.tgz",
      "integrity": "sha1-/V3ux2qXpRIKnNOnyxF3oJI7EdI=",
      "requires": {
        "acorn": "^3.3.0",
        "acorn-jsx": "^3.0.0"
      }
    },
    "feature-detect-es6": {
      "version": "1.5.0",
      "resolved": "https://registry.npmjs.org/feature-detect-es6/-/feature-detect-es6-1.5.0.tgz",
      "integrity": "sha512-DzWPIGzTnfp3/KK1d/YPfmgLqeDju9F2DQYBL35VusgSApcA7XGqVtXfR4ETOOFEzdFJ3J7zh0Gkk011TiA4uQ==",
      "requires": {
        "array-back": "^1.0.4"
      }
    },
    "file-set": {
      "version": "1.1.2",
      "resolved": "https://registry.npmjs.org/file-set/-/file-set-1.1.2.tgz",
      "integrity": "sha512-xDXI09w+l+mXxWDym7dQXy3PLdo7DygHlAtRnQ6XIMa0iY/qX6+1J75jjwCArCd48yCiMx2+fRn50BTFd45+jQ==",
      "requires": {
        "array-back": "^1.0.3",
        "glob": "^7.1.0"
      }
    },
    "find-replace": {
      "version": "1.0.3",
      "resolved": "https://registry.npmjs.org/find-replace/-/find-replace-1.0.3.tgz",
      "integrity": "sha1-uI5zZNLZyVlVnziMZmcNYTBEH6A=",
      "requires": {
        "array-back": "^1.0.4",
        "test-value": "^2.1.0"
      }
    },
    "fs-then-native": {
      "version": "1.0.2",
      "resolved": "https://registry.npmjs.org/fs-then-native/-/fs-then-native-1.0.2.tgz",
      "integrity": "sha1-rI04B8nxu9Enlgf7Io4Ktkm7Qf4=",
      "requires": {
        "feature-detect-es6": "^1.3.1"
      }
    },
    "fs.realpath": {
      "version": "1.0.0",
      "resolved": "https://registry.npmjs.org/fs.realpath/-/fs.realpath-1.0.0.tgz",
      "integrity": "sha1-FQStJSMVjKpA20onh8sBQRmU6k8="
    },
    "glob": {
      "version": "7.1.4",
      "resolved": "https://registry.npmjs.org/glob/-/glob-7.1.4.tgz",
      "integrity": "sha512-hkLPepehmnKk41pUGm3sYxoFs/umurYfYJCerbXEyFIWcAzvpipAgVkBqqT9RBKMGjnq6kMuyYwha6csxbiM1A==",
      "requires": {
        "fs.realpath": "^1.0.0",
        "inflight": "^1.0.4",
        "inherits": "2",
        "minimatch": "^3.0.4",
        "once": "^1.3.0",
        "path-is-absolute": "^1.0.0"
      }
    },
    "graceful-fs": {
      "version": "4.2.2",
      "resolved": "https://registry.npmjs.org/graceful-fs/-/graceful-fs-4.2.2.tgz",
      "integrity": "sha512-IItsdsea19BoLC7ELy13q1iJFNmd7ofZH5+X/pJr90/nRoPEX0DJo1dHDbgtYWOhJhcCgMDTOw84RZ72q6lB+Q==",
      "optional": true
    },
    "handlebars": {
      "version": "3.0.3",
      "resolved": "https://registry.npmjs.org/handlebars/-/handlebars-3.0.3.tgz",
      "integrity": "sha1-DgllGi8Ps8lJFgWDcQ1VH5Lm0q0=",
      "requires": {
        "optimist": "^0.6.1",
        "source-map": "^0.1.40",
        "uglify-js": "~2.3"
      }
    },
    "home-path": {
      "version": "1.0.7",
      "resolved": "https://registry.npmjs.org/home-path/-/home-path-1.0.7.tgz",
      "integrity": "sha512-tM1pVa+u3ZqQwIkXcWfhUlY3HWS3TsnKsfi2OHHvnhkX52s9etyktPyy1rQotkr0euWimChDq+QkQuDe8ngUlQ=="
    },
    "inflight": {
      "version": "1.0.6",
      "resolved": "https://registry.npmjs.org/inflight/-/inflight-1.0.6.tgz",
      "integrity": "sha1-Sb1jMdfQLQwJvJEKEHW6gWW1bfk=",
      "requires": {
        "once": "^1.3.0",
        "wrappy": "1"
      }
    },
    "inherits": {
      "version": "2.0.4",
      "resolved": "https://registry.npmjs.org/inherits/-/inherits-2.0.4.tgz",
      "integrity": "sha512-k/vGaX4/Yla3WzyMCvTQOXYeIHvqOKtnqBduzTHpzpQZzAskKMhZ2K+EnBiSM9zGSoIFeMpXKxa4dYeZIQqewQ=="
    },
    "js2xmlparser": {
      "version": "1.0.0",
      "resolved": "https://registry.npmjs.org/js2xmlparser/-/js2xmlparser-1.0.0.tgz",
      "integrity": "sha1-WhcPLo1kds5FQF4EgjJCUTeC/jA="
    },
    "jsdoc-75lb": {
      "version": "3.6.0",
      "resolved": "https://registry.npmjs.org/jsdoc-75lb/-/jsdoc-75lb-3.6.0.tgz",
      "integrity": "sha1-qAcRlSi0AJzLyrSbdSL2P+xs0L0=",
      "requires": {
        "bluebird": "~3.4.6",
        "catharsis": "~0.8.8",
        "escape-string-regexp": "~1.0.5",
        "espree": "~3.1.7",
        "js2xmlparser": "~1.0.0",
        "klaw": "~1.3.0",
        "marked": "~0.3.6",
        "mkdirp": "~0.5.1",
        "requizzle": "~0.2.1",
        "strip-json-comments": "~2.0.1",
        "taffydb": "2.6.2",
        "underscore": "~1.8.3"
      }
    },
    "jsdoc-api": {
      "version": "2.0.6",
      "resolved": "https://registry.npmjs.org/jsdoc-api/-/jsdoc-api-2.0.6.tgz",
      "integrity": "sha1-l4/69zvms+32l5nTWZzHaVuCumU=",
      "requires": {
        "array-back": "^1.0.3",
        "cache-point": "~0.3.4",
        "collect-all": "^1.0.2",
        "core-js": "^2.4.1",
        "feature-detect-es6": "^1.3.1",
        "file-set": "^1.1.1",
        "fs-then-native": "^1.0.2",
        "jsdoc-75lb": "^3.6.0",
        "object-to-spawn-args": "^1.1.0",
        "temp-path": "^1.0.0",
        "walk-back": "^2.0.1"
      }
    },
    "jsdoc-parse": {
      "version": "2.0.5",
      "resolved": "https://registry.npmjs.org/jsdoc-parse/-/jsdoc-parse-2.0.5.tgz",
      "integrity": "sha1-bUFj6Gk/YFSrQd1M/GQyYJWPFHc=",
      "requires": {
        "array-back": "^1.0.3",
        "core-js": "^2.4.1",
        "feature-detect-es6": "^1.3.1",
        "lodash.omit": "^4.5.0",
        "lodash.pick": "^4.4.0",
        "reduce-extract": "^1.0.0",
        "sort-array": "^1.1.1",
        "test-value": "^2.1.0"
      }
    },
    "jsdoc-to-markdown": {
      "version": "2.0.1",
      "resolved": "https://registry.npmjs.org/jsdoc-to-markdown/-/jsdoc-to-markdown-2.0.1.tgz",
      "integrity": "sha1-l+tNcWp3ZPdZWib80zh8hct6uiU=",
      "requires": {
        "array-back": "^1.0.3",
        "command-line-tool": "^0.6.4",
        "config-master": "^2.0.4",
        "core-js": "^2.4.1",
        "dmd": "^2.1.2",
        "feature-detect-es6": "^1.3.1",
        "jsdoc-api": "^2.0.5",
        "jsdoc-parse": "^2.0.5",
        "jsdoc2md-stats": "^1.0.3",
        "walk-back": "^2.0.1"
      }
    },
    "jsdoc2md-stats": {
      "version": "1.0.6",
      "resolved": "https://registry.npmjs.org/jsdoc2md-stats/-/jsdoc2md-stats-1.0.6.tgz",
      "integrity": "sha1-3A4AKuu9D7rlEjU0+Scyr7xlH78=",
      "requires": {
        "app-usage-stats": "^0.4.0",
        "feature-detect-es6": "^1.3.1"
      }
    },
    "klaw": {
      "version": "1.3.1",
      "resolved": "https://registry.npmjs.org/klaw/-/klaw-1.3.1.tgz",
      "integrity": "sha1-QIhDO0azsbolnXh4XY6W9zugJDk=",
      "requires": {
        "graceful-fs": "^4.1.9"
      }
    },
    "lodash": {
      "version": "4.17.15",
      "resolved": "https://registry.npmjs.org/lodash/-/lodash-4.17.15.tgz",
      "integrity": "sha512-8xOcRHvCjnocdS5cpwXQXVzmmh5e5+saE2QGoeQmbKmRS6J3VQppPOIt0MnmE+4xlZoumy0GPG0D0MVIQbNA1A=="
    },
    "lodash.omit": {
      "version": "4.5.0",
      "resolved": "https://registry.npmjs.org/lodash.omit/-/lodash.omit-4.5.0.tgz",
      "integrity": "sha1-brGa5aHuHdnfC5aeZs4Lf6MLXmA="
    },
    "lodash.pick": {
      "version": "4.4.0",
      "resolved": "https://registry.npmjs.org/lodash.pick/-/lodash.pick-4.4.0.tgz",
      "integrity": "sha1-UvBWEP/53tQiYRRB7R/BI6AwAbM="
    },
    "marked": {
      "version": "0.3.19",
      "resolved": "https://registry.npmjs.org/marked/-/marked-0.3.19.tgz",
      "integrity": "sha512-ea2eGWOqNxPcXv8dyERdSr/6FmzvWwzjMxpfGB/sbMccXoct+xY+YukPD+QTUZwyvK7BZwcr4m21WBOW41pAkg=="
    },
    "minimatch": {
      "version": "3.0.4",
      "resolved": "https://registry.npmjs.org/minimatch/-/minimatch-3.0.4.tgz",
      "integrity": "sha512-yJHVQEhyqPLUTgt9B83PXu6W3rx4MvvHvSUvToogpwoGDOUQ+yDrR0HRot+yOCdCO7u4hX3pWft6kWBBcqh0UA==",
      "requires": {
        "brace-expansion": "^1.1.7"
      }
    },
    "minimist": {
      "version": "0.0.8",
      "resolved": "https://registry.npmjs.org/minimist/-/minimist-0.0.8.tgz",
      "integrity": "sha1-hX/Kv8M5fSYluCKCYuhqp6ARsF0="
    },
    "mkdirp": {
      "version": "0.5.1",
      "resolved": "https://registry.npmjs.org/mkdirp/-/mkdirp-0.5.1.tgz",
      "integrity": "sha1-MAV0OOrGz3+MR2fzhkjWaX11yQM=",
      "requires": {
        "minimist": "0.0.8"
      }
    },
    "mkdirp2": {
      "version": "1.0.4",
      "resolved": "https://registry.npmjs.org/mkdirp2/-/mkdirp2-1.0.4.tgz",
      "integrity": "sha512-Q2PKB4ZR4UPtjLl76JfzlgSCUZhSV1AXQgAZa1qt5RiaALFjP/CDrGvFBrOz7Ck6McPcwMAxTsJvWOUjOU8XMw=="
    },
    "object-get": {
      "version": "2.1.0",
      "resolved": "https://registry.npmjs.org/object-get/-/object-get-2.1.0.tgz",
      "integrity": "sha1-ciu9tgA576R8rTxtws5RqFwCxa4="
    },
    "object-to-spawn-args": {
      "version": "1.1.1",
      "resolved": "https://registry.npmjs.org/object-to-spawn-args/-/object-to-spawn-args-1.1.1.tgz",
      "integrity": "sha1-d9qIJ/Bz0BHJ4bFz+JV4FHAkZ4U="
    },
    "once": {
      "version": "1.4.0",
      "resolved": "https://registry.npmjs.org/once/-/once-1.4.0.tgz",
      "integrity": "sha1-WDsap3WWHUsROsF9nFC6753Xa9E=",
      "requires": {
        "wrappy": "1"
      }
    },
    "optimist": {
      "version": "0.6.1",
      "resolved": "https://registry.npmjs.org/optimist/-/optimist-0.6.1.tgz",
      "integrity": "sha1-2j6nRob6IaGaERwybpDrFaAZZoY=",
      "requires": {
        "minimist": "~0.0.1",
        "wordwrap": "~0.0.2"
      }
    },
    "path-is-absolute": {
      "version": "1.0.1",
      "resolved": "https://registry.npmjs.org/path-is-absolute/-/path-is-absolute-1.0.1.tgz",
      "integrity": "sha1-F0uSaHNVNP+8es5r9TpanhtcX18="
    },
    "reduce-extract": {
      "version": "1.0.0",
      "resolved": "https://registry.npmjs.org/reduce-extract/-/reduce-extract-1.0.0.tgz",
      "integrity": "sha1-Z/I4W+2mUGG19fQxJmLosIDKFSU=",
      "requires": {
        "test-value": "^1.0.1"
      },
      "dependencies": {
        "test-value": {
          "version": "1.1.0",
          "resolved": "https://registry.npmjs.org/test-value/-/test-value-1.1.0.tgz",
          "integrity": "sha1-oJE29y7AQ9J8iTcHwrFZv6196T8=",
          "requires": {
            "array-back": "^1.0.2",
            "typical": "^2.4.2"
          }
        }
      }
    },
    "reduce-flatten": {
      "version": "1.0.1",
      "resolved": "https://registry.npmjs.org/reduce-flatten/-/reduce-flatten-1.0.1.tgz",
      "integrity": "sha1-JYx479FT3fk8tWEjf2EYTzaW4yc="
    },
    "reduce-unique": {
      "version": "1.0.0",
      "resolved": "https://registry.npmjs.org/reduce-unique/-/reduce-unique-1.0.0.tgz",
      "integrity": "sha1-flhrz4ek4ytter2Cd/rWzeyfSAM="
    },
    "reduce-without": {
      "version": "1.0.1",
      "resolved": "https://registry.npmjs.org/reduce-without/-/reduce-without-1.0.1.tgz",
      "integrity": "sha1-aK0OrRGFXJo31OglbBW7+Hly/Iw=",
      "requires": {
        "test-value": "^2.0.0"
      }
    },
    "regenerator-runtime": {
      "version": "0.10.5",
      "resolved": "https://registry.npmjs.org/regenerator-runtime/-/regenerator-runtime-0.10.5.tgz",
      "integrity": "sha1-M2w+/BIgrc7dosn6tntaeVWjNlg="
    },
    "req-then": {
      "version": "0.5.1",
      "resolved": "https://registry.npmjs.org/req-then/-/req-then-0.5.1.tgz",
      "integrity": "sha1-McbgtW9N3SrNbeC6G86ne2B5398=",
      "requires": {
        "array-back": "^1.0.3",
        "defer-promise": "^1.0.0",
        "feature-detect-es6": "^1.3.1",
        "lodash.pick": "^4.4.0",
        "typical": "^2.6.0"
      }
    },
    "requizzle": {
      "version": "0.2.3",
      "resolved": "https://registry.npmjs.org/requizzle/-/requizzle-0.2.3.tgz",
      "integrity": "sha512-YanoyJjykPxGHii0fZP0uUPEXpvqfBDxWV7s6GKAiiOsiqhX6vHNyW3Qzdmqp/iq/ExbhaGbVrjB4ruEVSM4GQ==",
      "requires": {
        "lodash": "^4.17.14"
      }
    },
    "sort-array": {
      "version": "1.1.2",
      "resolved": "https://registry.npmjs.org/sort-array/-/sort-array-1.1.2.tgz",
      "integrity": "sha1-uImGBTwBcKf53mPxiknsecJMPmQ=",
      "requires": {
        "array-back": "^1.0.4",
        "object-get": "^2.1.0",
        "typical": "^2.6.0"
      }
    },
    "source-map": {
      "version": "0.1.43",
      "resolved": "https://registry.npmjs.org/source-map/-/source-map-0.1.43.tgz",
      "integrity": "sha1-wkvBRspRfBRx9drL4lcbK3+eM0Y=",
      "requires": {
        "amdefine": ">=0.0.4"
      }
    },
    "stream-connect": {
      "version": "1.0.2",
      "resolved": "https://registry.npmjs.org/stream-connect/-/stream-connect-1.0.2.tgz",
      "integrity": "sha1-GLyB8u2zW4tdmoAJIAqYUxRCipc=",
      "requires": {
        "array-back": "^1.0.2"
      }
    },
    "stream-via": {
      "version": "1.0.4",
      "resolved": "https://registry.npmjs.org/stream-via/-/stream-via-1.0.4.tgz",
      "integrity": "sha512-DBp0lSvX5G9KGRDTkR/R+a29H+Wk2xItOF+MpZLLNDWbEV9tGPnqLPxHEYjmiz8xGtJHRIqmI+hCjmNzqoA4nQ=="
    },
    "strip-json-comments": {
      "version": "2.0.1",
      "resolved": "https://registry.npmjs.org/strip-json-comments/-/strip-json-comments-2.0.1.tgz",
      "integrity": "sha1-PFMZQukIwml8DsNEhYwobHygpgo="
    },
    "table-layout": {
      "version": "0.3.0",
      "resolved": "https://registry.npmjs.org/table-layout/-/table-layout-0.3.0.tgz",
      "integrity": "sha1-buINxIPbNxs+XIf3BO0vfHmdLJo=",
      "requires": {
        "array-back": "^1.0.3",
        "core-js": "^2.4.1",
        "deep-extend": "~0.4.1",
        "feature-detect-es6": "^1.3.1",
        "typical": "^2.6.0",
        "wordwrapjs": "^2.0.0-0"
      }
    },
    "taffydb": {
      "version": "2.6.2",
      "resolved": "https://registry.npmjs.org/taffydb/-/taffydb-2.6.2.tgz",
      "integrity": "sha1-fLy2S1oUG2ou/CxdLGe04VCyomg="
    },
    "temp-path": {
      "version": "1.0.0",
      "resolved": "https://registry.npmjs.org/temp-path/-/temp-path-1.0.0.tgz",
      "integrity": "sha1-JLFUOXOrRCiW2a02fdnL2/r+kYs="
    },
    "test-value": {
      "version": "2.1.0",
      "resolved": "https://registry.npmjs.org/test-value/-/test-value-2.1.0.tgz",
      "integrity": "sha1-Edpv9nDzRxpztiXKTz/c97t0gpE=",
      "requires": {
        "array-back": "^1.0.3",
        "typical": "^2.6.0"
      }
    },
    "typical": {
      "version": "2.6.1",
      "resolved": "https://registry.npmjs.org/typical/-/typical-2.6.1.tgz",
      "integrity": "sha1-XAgOXWYcu+OCWdLnCjxyU+hziB0="
    },
    "uglify-js": {
      "version": "2.3.6",
      "resolved": "https://registry.npmjs.org/uglify-js/-/uglify-js-2.3.6.tgz",
      "integrity": "sha1-+gmEdwtCi3qbKoBY9GNV0U/vIRo=",
      "optional": true,
      "requires": {
        "async": "~0.2.6",
        "optimist": "~0.3.5",
        "source-map": "~0.1.7"
      },
      "dependencies": {
        "optimist": {
          "version": "0.3.7",
          "resolved": "https://registry.npmjs.org/optimist/-/optimist-0.3.7.tgz",
          "integrity": "sha1-yQlBrVnkJzMokjB00s8ufLxuwNk=",
          "optional": true,
          "requires": {
            "wordwrap": "~0.0.2"
          }
        }
      }
    },
    "underscore": {
      "version": "1.8.3",
      "resolved": "https://registry.npmjs.org/underscore/-/underscore-1.8.3.tgz",
      "integrity": "sha1-Tz+1OxBuYJf8+ctBCfKl6b36UCI="
    },
    "usage-stats": {
      "version": "0.8.6",
      "resolved": "https://registry.npmjs.org/usage-stats/-/usage-stats-0.8.6.tgz",
      "integrity": "sha512-QS1r7a1h5g1jo6KulvVGV+eQM+Jfj87AjJBfr1iaIJYz+N7+Qh7ezaVFCulwBGd8T1EidRiSYphG17gra2y0kg==",
      "requires": {
        "array-back": "^1.0.4",
        "cli-commands": "0.1.0",
        "core-js": "^2.4.1",
        "feature-detect-es6": "^1.3.1",
        "home-path": "^1.0.5",
        "mkdirp2": "^1.0.3",
        "req-then": "0.5.1",
        "typical": "^2.6.1",
        "uuid": "^3.0.1"
      }
    },
    "uuid": {
      "version": "3.3.3",
      "resolved": "https://registry.npmjs.org/uuid/-/uuid-3.3.3.tgz",
      "integrity": "sha512-pW0No1RGHgzlpHJO1nsVrHKpOEIxkGg1xB+v0ZmdNH5OAeAwzAVrCnI2/6Mtx+Uys6iaylxa+D3g4j63IKKjSQ=="
    },
    "walk-back": {
      "version": "2.0.1",
      "resolved": "https://registry.npmjs.org/walk-back/-/walk-back-2.0.1.tgz",
      "integrity": "sha1-VU4qnYdPrEeoywBr9EwvDEmYoKQ="
    },
    "wordwrap": {
      "version": "0.0.3",
      "resolved": "https://registry.npmjs.org/wordwrap/-/wordwrap-0.0.3.tgz",
      "integrity": "sha1-o9XabNXAvAAI03I0u68b7WMFkQc="
    },
    "wordwrapjs": {
      "version": "2.0.0",
      "resolved": "https://registry.npmjs.org/wordwrapjs/-/wordwrapjs-2.0.0.tgz",
      "integrity": "sha1-q1X2leYRjak4WP3XDAU9HF4BrCA=",
      "requires": {
        "array-back": "^1.0.3",
        "feature-detect-es6": "^1.3.1",
        "reduce-flatten": "^1.0.1",
        "typical": "^2.6.0"
      }
    },
    "wrappy": {
      "version": "1.0.2",
      "resolved": "https://registry.npmjs.org/wrappy/-/wrappy-1.0.2.tgz",
      "integrity": "sha1-tSQ9jz7BqjXxNkYFvA0QNuMKtp8="
    }
  }
}
